
Microsoft Visual Studio Solution File, Format Version 12.00
# Visual Studio 14
VisualStudioVersion = 14.0.25123.0
MinimumVisualStudioVersion = 10.0.40219.1
Project("{FAE04EC0-301F-11D3-BF4B-00C04F79EFBC}") = "GUI", "GUI\GUI.csproj", "{23AC186B-AD62-41C9-B4AA-B81562AF593E}"
EndProject
Project("{FAE04EC0-301F-11D3-BF4B-00C04F79EFBC}") = "AccesoDatos", "AccesoDatos\AccesoDatos.csproj", "{C0999FDA-9850-4A9E-97E6-C7127671EDA8}"
EndProject
Project("{FAE04EC0-301F-11D3-BF4B-00C04F79EFBC}") = "ClaseSistema", "ClaseSistema\ClaseSistema.csproj", "{38A187F3-89C3-4254-814D-B59B1B97F027}"
EndProject
Global
	GlobalSection(SolutionConfigurationPlatforms) = preSolution
		Debug|Any CPU = Debug|Any CPU
		Release|Any CPU = Release|Any CPU
	EndGlobalSection
	GlobalSection(ProjectConfigurationPlatforms) = postSolution
		{23AC186B-AD62-41C9-B4AA-B81562AF593E}.Debug|Any CPU.ActiveCfg = Debug|Any CPU
		{23AC186B-AD62-41C9-B4AA-B81562AF593E}.Debug|Any CPU.Build.0 = Debug|Any CPU
		{23AC186B-AD62-41C9-B4AA-B81562AF593E}.Release|Any CPU.ActiveCfg = Release|Any CPU
		{23AC186B-AD62-41C9-B4AA-B81562AF593E}.Release|Any CPU.Build.0 = Release|Any CPU
		{C0999FDA-9850-4A9E-97E6-C7127671EDA8}.Debug|Any CPU.ActiveCfg = Debug|Any CPU
		{C0999FDA-9850-4A9E-97E6-C7127671EDA8}.Debug|Any CPU.Build.0 = Debug|Any CPU
		{C0999FDA-9850-4A9E-97E6-C7127671EDA8}.Release|Any CPU.ActiveCfg = Release|Any CPU
		{C0999FDA-9850-4A9E-97E6-C7127671EDA8}.Release|Any CPU.Build.0 = Release|Any CPU
		{38A187F3-89C3-4254-814D-B59B1B97F027}.Debug|Any CPU.ActiveCfg = Debug|Any CPU
		{38A187F3-89C3-4254-814D-B59B1B97F027}.Debug|Any CPU.Build.0 = Debug|Any CPU
		{38A187F3-89C3-4254-814D-B59B1B97F027}.Release|Any CPU.ActiveCfg = Release|Any CPU
		{38A187F3-89C3-4254-814D-B59B1B97F027}.Release|Any CPU.Build.0 = Release|Any CPU
	EndGlobalSection
	GlobalSection(SolutionProperties) = preSolution
		HideSolutionNode = FALSE
	EndGlobalSection
EndGlobal
